
Microsoft Visual Studio Solution File, Format Version 12.00
# Visual Studio Version 16
VisualStudioVersion = 16.0.31112.23
MinimumVisualStudioVersion = 10.0.40219.1
Project("{FAE04EC0-301F-11D3-BF4B-00C04F79EFBC}") = "Learning_Scaffolding", "Learning_Scaffolding\Learning_Scaffolding.csproj", "{49F9DEAB-A375-452C-8E2A-44FAC5065363}"
EndProject
Global
	GlobalSection(SolutionConfigurationPlatforms) = preSolution
		Debug|Any CPU = Debug|Any CPU
		Release|Any CPU = Release|Any CPU
	EndGlobalSection
	GlobalSection(ProjectConfigurationPlatforms) = postSolution
		{49F9DEAB-A375-452C-8E2A-44FAC5065363}.Debug|Any CPU.ActiveCfg = Debug|Any CPU
		{49F9DEAB-A375-452C-8E2A-44FAC5065363}.Debug|Any CPU.Build.0 = Debug|Any CPU
		{49F9DEAB-A375-452C-8E2A-44FAC5065363}.Release|Any CPU.ActiveCfg = Release|Any CPU
		{49F9DEAB-A375-452C-8E2A-44FAC5065363}.Release|Any CPU.Build.0 = Release|Any CPU
	EndGlobalSection
	GlobalSection(SolutionProperties) = preSolution
		HideSolutionNode = FALSE
	EndGlobalSection
	GlobalSection(ExtensibilityGlobals) = postSolution
		SolutionGuid = {F4598756-3012-4F28-A638-81788D480DD3}
	EndGlobalSection
EndGlobal
